
Microsoft Visual Studio Solution File, Format Version 12.00
# Visual Studio Version 17
VisualStudioVersion = 17.5.33530.505
MinimumVisualStudioVersion = 10.0.40219.1
Project("{F184B08F-C81C-45F6-A57F-5ABD9991F28F}") = "Calculator software", "Calculator software.vbproj", "{6284C7CE-3770-4892-AE32-E4D9646121F1}"
EndProject
Global
	GlobalSection(SolutionConfigurationPlatforms) = preSolution
		Debug|Any CPU = Debug|Any CPU
		Release|Any CPU = Release|Any CPU
	EndGlobalSection
	GlobalSection(ProjectConfigurationPlatforms) = postSolution
		{6284C7CE-3770-4892-AE32-E4D9646121F1}.Debug|Any CPU.ActiveCfg = Debug|Any CPU
		{6284C7CE-3770-4892-AE32-E4D9646121F1}.Debug|Any CPU.Build.0 = Debug|Any CPU
		{6284C7CE-3770-4892-AE32-E4D9646121F1}.Release|Any CPU.ActiveCfg = Release|Any CPU
		{6284C7CE-3770-4892-AE32-E4D9646121F1}.Release|Any CPU.Build.0 = Release|Any CPU
	EndGlobalSection
	GlobalSection(SolutionProperties) = preSolution
		HideSolutionNode = FALSE
	EndGlobalSection
	GlobalSection(ExtensibilityGlobals) = postSolution
		SolutionGuid = {8ABBFA70-E1CC-4F3E-8972-7841A37FE38E}
	EndGlobalSection
EndGlobal
